
Microsoft Visual Studio Solution File, Format Version 12.00
# Visual Studio 15
VisualStudioVersion = 15.0.28010.2046
MinimumVisualStudioVersion = 10.0.40219.1
Project("{888888A0-9F3D-457C-B088-3A5042F75D52}") = "group5", "group5.pyproj", "{EA964648-C0C1-401E-A8C3-16D62F2D37CC}"
EndProject
Project("{2150E333-8FDC-42A3-9474-1A3956D46DE8}") = "Solution Items", "Solution Items", "{5D1EAB10-5C7B-4C92-B8E6-14F1968E0868}"
EndProject
Global
	GlobalSection(SolutionConfigurationPlatforms) = preSolution
		Debug|Any CPU = Debug|Any CPU
		Release|Any CPU = Release|Any CPU
	EndGlobalSection
	GlobalSection(ProjectConfigurationPlatforms) = postSolution
		{EA964648-C0C1-401E-A8C3-16D62F2D37CC}.Debug|Any CPU.ActiveCfg = Debug|Any CPU
		{EA964648-C0C1-401E-A8C3-16D62F2D37CC}.Release|Any CPU.ActiveCfg = Release|Any CPU
	EndGlobalSection
	GlobalSection(SolutionProperties) = preSolution
		HideSolutionNode = FALSE
	EndGlobalSection
	GlobalSection(ExtensibilityGlobals) = postSolution
		SolutionGuid = {220ABA61-6128-458F-8932-6B06B94504FE}
	EndGlobalSection
EndGlobal
